// !$*UTF8*$!
{
	archiveVersion = 1;
	classes = {
	};
	objectVersion = 46;
	objects = {

/* Begin PBXBuildFile section */
		FC1FACC71CB4693100E5B119 /* Items+CoreDataProperties.m in Sources */ = {isa = PBXBuildFile; fileRef = FC1FACC41CB4693100E5B119 /* Items+CoreDataProperties.m */; };
		FC1FACC81CB4693100E5B119 /* Items.m in Sources */ = {isa = PBXBuildFile; fileRef = FC1FACC61CB4693100E5B119 /* Items.m */; };
		FC1FACD21CB4694F00E5B119 /* Property.m in Sources */ = {isa = PBXBuildFile; fileRef = FC1FACCC1CB4694F00E5B119 /* Property.m */; };
		FC1FACD31CB4694F00E5B119 /* Room+CoreDataProperties.m in Sources */ = {isa = PBXBuildFile; fileRef = FC1FACCE1CB4694F00E5B119 /* Room+CoreDataProperties.m */; };
		FC1FACD41CB4694F00E5B119 /* Room.m in Sources */ = {isa = PBXBuildFile; fileRef = FC1FACD01CB4694F00E5B119 /* Room.m */; };
		FC1FACD61CB46C9000E5B119 /* CoreLocation.framework in Frameworks */ = {isa = PBXBuildFile; fileRef = FC1FACD51CB46C9000E5B119 /* CoreLocation.framework */; };
		FC32D1061CB5AF8B0087614E /* SearchTableViewController.m in Sources */ = {isa = PBXBuildFile; fileRef = FC32D1051CB5AF8B0087614E /* SearchTableViewController.m */; };
		FC32D1091CB5BA6F0087614E /* Property+CoreDataProperties.m in Sources */ = {isa = PBXBuildFile; fileRef = FC32D1081CB5BA6F0087614E /* Property+CoreDataProperties.m */; };
		FC32D10C1CB5BBA20087614E /* PropertyEditTableViewController.m in Sources */ = {isa = PBXBuildFile; fileRef = FC32D10B1CB5BBA20087614E /* PropertyEditTableViewController.m */; };
		FC36D5EA1CB60F9000CF865F /* MessageUI.framework in Frameworks */ = {isa = PBXBuildFile; fileRef = FC36D5E91CB60F9000CF865F /* MessageUI.framework */; };
		FC36D5EE1CB6145300CF865F /* RoomSearchTableViewController.m in Sources */ = {isa = PBXBuildFile; fileRef = FC36D5ED1CB6145300CF865F /* RoomSearchTableViewController.m */; };
		FC36D5F11CB6BD2500CF865F /* RoomTableViewController.m in Sources */ = {isa = PBXBuildFile; fileRef = FC36D5F01CB6BD2500CF865F /* RoomTableViewController.m */; };
		FC36D5F41CB6C7DC00CF865F /* RoomTableViewCell.m in Sources */ = {isa = PBXBuildFile; fileRef = FC36D5F31CB6C7DC00CF865F /* RoomTableViewCell.m */; };
		FCBFBF4C1CB5625E00EDD78E /* PropertyTableViewCell.m in Sources */ = {isa = PBXBuildFile; fileRef = FCBFBF4B1CB5625E00EDD78E /* PropertyTableViewCell.m */; };
		FCC383E71CB40EC000E40EE1 /* main.m in Sources */ = {isa = PBXBuildFile; fileRef = FCC383E61CB40EC000E40EE1 /* main.m */; };
		FCC383EA1CB40EC000E40EE1 /* AppDelegate.m in Sources */ = {isa = PBXBuildFile; fileRef = FCC383E91CB40EC000E40EE1 /* AppDelegate.m */; };
		FCC383ED1CB40EC000E40EE1 /* Entangled.xcdatamodeld in Sources */ = {isa = PBXBuildFile; fileRef = FCC383EB1CB40EC000E40EE1 /* Entangled.xcdatamodeld */; };
		FCC383F01CB40EC000E40EE1 /* PropertyTableViewController.m in Sources */ = {isa = PBXBuildFile; fileRef = FCC383EF1CB40EC000E40EE1 /* PropertyTableViewController.m */; };
		FCC383F31CB40EC000E40EE1 /* PropertyViewController.m in Sources */ = {isa = PBXBuildFile; fileRef = FCC383F21CB40EC000E40EE1 /* PropertyViewController.m */; };
		FCC383F61CB40EC000E40EE1 /* Main.storyboard in Resources */ = {isa = PBXBuildFile; fileRef = FCC383F41CB40EC000E40EE1 /* Main.storyboard */; };
		FCC383F81CB40EC000E40EE1 /* Assets.xcassets in Resources */ = {isa = PBXBuildFile; fileRef = FCC383F71CB40EC000E40EE1 /* Assets.xcassets */; };
		FCC383FB1CB40EC000E40EE1 /* LaunchScreen.storyboard in Resources */ = {isa = PBXBuildFile; fileRef = FCC383F91CB40EC000E40EE1 /* LaunchScreen.storyboard */; };
		FCC384061CB40EC000E40EE1 /* EntangledTests.m in Sources */ = {isa = PBXBuildFile; fileRef = FCC384051CB40EC000E40EE1 /* EntangledTests.m */; };
/* End PBXBuildFile section */

/* Begin PBXContainerItemProxy section */
		FCC384021CB40EC000E40EE1 /* PBXContainerItemProxy */ = {
			isa = PBXContainerItemProxy;
			containerPortal = FCC383DA1CB40EC000E40EE1 /* Project object */;
			proxyType = 1;
			remoteGlobalIDString = FCC383E11CB40EC000E40EE1;
			remoteInfo = Entangled;
		};
/* End PBXContainerItemProxy section */

/* Begin PBXFileReference section */
		FC1FACC31CB4693100E5B119 /* Items+CoreDataProperties.h */ = {isa = PBXFileReference; fileEncoding = 4; lastKnownFileType = sourcecode.c.h; name = "Items+CoreDataProperties.h"; path = "Model/Items+CoreDataProperties.h"; sourceTree = "<group>"; };
		FC1FACC41CB4693100E5B119 /* Items+CoreDataProperties.m */ = {isa = PBXFileReference; fileEncoding = 4; lastKnownFileType = sourcecode.c.objc; name = "Items+CoreDataProperties.m"; path = "Model/Items+CoreDataProperties.m"; sourceTree = "<group>"; };
		FC1FACC51CB4693100E5B119 /* Items.h */ = {isa = PBXFileReference; fileEncoding = 4; lastKnownFileType = sourcecode.c.h; name = Items.h; path = Model/Items.h; sourceTree = "<group>"; };
		FC1FACC61CB4693100E5B119 /* Items.m */ = {isa = PBXFileReference; fileEncoding = 4; lastKnownFileType = sourcecode.c.objc; name = Items.m; path = Model/Items.m; sourceTree = "<group>"; };
		FC1FACCB1CB4694F00E5B119 /* Property.h */ = {isa = PBXFileReference; fileEncoding = 4; lastKnownFileType = sourcecode.c.h; name = Property.h; path = Model/Property.h; sourceTree = "<group>"; };
		FC1FACCC1CB4694F00E5B119 /* Property.m */ = {isa = PBXFileReference; fileEncoding = 4; lastKnownFileType = sourcecode.c.objc; name = Property.m; path = Model/Property.m; sourceTree = "<group>"; };
		FC1FACCD1CB4694F00E5B119 /* Room+CoreDataProperties.h */ = {isa = PBXFileReference; fileEncoding = 4; lastKnownFileType = sourcecode.c.h; name = "Room+CoreDataProperties.h"; path = "Model/Room+CoreDataProperties.h"; sourceTree = "<group>"; };
		FC1FACCE1CB4694F00E5B119 /* Room+CoreDataProperties.m */ = {isa = PBXFileReference; fileEncoding = 4; lastKnownFileType = sourcecode.c.objc; name = "Room+CoreDataProperties.m"; path = "Model/Room+CoreDataProperties.m"; sourceTree = "<group>"; };
		FC1FACCF1CB4694F00E5B119 /* Room.h */ = {isa = PBXFileReference; fileEncoding = 4; lastKnownFileType = sourcecode.c.h; name = Room.h; path = Model/Room.h; sourceTree = "<group>"; };
		FC1FACD01CB4694F00E5B119 /* Room.m */ = {isa = PBXFileReference; fileEncoding = 4; lastKnownFileType = sourcecode.c.objc; name = Room.m; path = Model/Room.m; sourceTree = "<group>"; };
		FC1FACD51CB46C9000E5B119 /* CoreLocation.framework */ = {isa = PBXFileReference; lastKnownFileType = wrapper.framework; name = CoreLocation.framework; path = System/Library/Frameworks/CoreLocation.framework; sourceTree = SDKROOT; };
		FC32D1041CB5AF8B0087614E /* SearchTableViewController.h */ = {isa = PBXFileReference; fileEncoding = 4; lastKnownFileType = sourcecode.c.h; name = SearchTableViewController.h; path = ViewControllers/SearchTableViewController.h; sourceTree = "<group>"; };
		FC32D1051CB5AF8B0087614E /* SearchTableViewController.m */ = {isa = PBXFileReference; fileEncoding = 4; lastKnownFileType = sourcecode.c.objc; name = SearchTableViewController.m; path = ViewControllers/SearchTableViewController.m; sourceTree = "<group>"; };
		FC32D1071CB5BA6F0087614E /* Property+CoreDataProperties.h */ = {isa = PBXFileReference; fileEncoding = 4; lastKnownFileType = sourcecode.c.h; name = "Property+CoreDataProperties.h"; path = "Model/Property+CoreDataProperties.h"; sourceTree = "<group>"; };
		FC32D1081CB5BA6F0087614E /* Property+CoreDataProperties.m */ = {isa = PBXFileReference; fileEncoding = 4; lastKnownFileType = sourcecode.c.objc; name = "Property+CoreDataProperties.m"; path = "Model/Property+CoreDataProperties.m"; sourceTree = "<group>"; };
		FC32D10A1CB5BBA20087614E /* PropertyEditTableViewController.h */ = {isa = PBXFileReference; fileEncoding = 4; lastKnownFileType = sourcecode.c.h; name = PropertyEditTableViewController.h; path = ViewControllers/PropertyEditTableViewController.h; sourceTree = "<group>"; };
		FC32D10B1CB5BBA20087614E /* PropertyEditTableViewController.m */ = {isa = PBXFileReference; fileEncoding = 4; lastKnownFileType = sourcecode.c.objc; name = PropertyEditTableViewController.m; path = ViewControllers/PropertyEditTableViewController.m; sourceTree = "<group>"; };
		FC36D5E91CB60F9000CF865F /* MessageUI.framework */ = {isa = PBXFileReference; lastKnownFileType = wrapper.framework; name = MessageUI.framework; path = System/Library/Frameworks/MessageUI.framework; sourceTree = SDKROOT; };
		FC36D5EC1CB6145300CF865F /* RoomSearchTableViewController.h */ = {isa = PBXFileReference; fileEncoding = 4; lastKnownFileType = sourcecode.c.h; name = RoomSearchTableViewController.h; path = "Room View Controllers/RoomSearchTableViewController.h"; sourceTree = "<group>"; };
		FC36D5ED1CB6145300CF865F /* RoomSearchTableViewController.m */ = {isa = PBXFileReference; fileEncoding = 4; lastKnownFileType = sourcecode.c.objc; name = RoomSearchTableViewController.m; path = "Room View Controllers/RoomSearchTableViewController.m"; sourceTree = "<group>"; };
		FC36D5EF1CB6BD2500CF865F /* RoomTableViewController.h */ = {isa = PBXFileReference; fileEncoding = 4; lastKnownFileType = sourcecode.c.h; name = RoomTableViewController.h; path = "Room View Controllers/RoomTableViewController.h"; sourceTree = "<group>"; };
		FC36D5F01CB6BD2500CF865F /* RoomTableViewController.m */ = {isa = PBXFileReference; fileEncoding = 4; lastKnownFileType = sourcecode.c.objc; name = RoomTableViewController.m; path = "Room View Controllers/RoomTableViewController.m"; sourceTree = "<group>"; };
		FC36D5F21CB6C7DC00CF865F /* RoomTableViewCell.h */ = {isa = PBXFileReference; fileEncoding = 4; lastKnownFileType = sourcecode.c.h; name = RoomTableViewCell.h; path = "Entangled/Custom Cells/RoomTableViewCell.h"; sourceTree = "<group>"; };
		FC36D5F31CB6C7DC00CF865F /* RoomTableViewCell.m */ = {isa = PBXFileReference; fileEncoding = 4; lastKnownFileType = sourcecode.c.objc; name = RoomTableViewCell.m; path = "Entangled/Custom Cells/RoomTableViewCell.m"; sourceTree = "<group>"; };
		FCBFBF4A1CB5625E00EDD78E /* PropertyTableViewCell.h */ = {isa = PBXFileReference; fileEncoding = 4; lastKnownFileType = sourcecode.c.h; name = PropertyTableViewCell.h; path = "Entangled/Custom Cells/PropertyTableViewCell.h"; sourceTree = "<group>"; };
		FCBFBF4B1CB5625E00EDD78E /* PropertyTableViewCell.m */ = {isa = PBXFileReference; fileEncoding = 4; lastKnownFileType = sourcecode.c.objc; name = PropertyTableViewCell.m; path = "Entangled/Custom Cells/PropertyTableViewCell.m"; sourceTree = "<group>"; };
		FCC383E21CB40EC000E40EE1 /* Entangled.app */ = {isa = PBXFileReference; explicitFileType = wrapper.application; includeInIndex = 0; path = Entangled.app; sourceTree = BUILT_PRODUCTS_DIR; };
		FCC383E61CB40EC000E40EE1 /* main.m */ = {isa = PBXFileReference; lastKnownFileType = sourcecode.c.objc; path = main.m; sourceTree = "<group>"; };
		FCC383E81CB40EC000E40EE1 /* AppDelegate.h */ = {isa = PBXFileReference; lastKnownFileType = sourcecode.c.h; path = AppDelegate.h; sourceTree = "<group>"; };
		FCC383E91CB40EC000E40EE1 /* AppDelegate.m */ = {isa = PBXFileReference; lastKnownFileType = sourcecode.c.objc; path = AppDelegate.m; sourceTree = "<group>"; };
		FCC383EC1CB40EC000E40EE1 /* Entangled.xcdatamodel */ = {isa = PBXFileReference; lastKnownFileType = wrapper.xcdatamodel; path = Entangled.xcdatamodel; sourceTree = "<group>"; };
		FCC383EE1CB40EC000E40EE1 /* PropertyTableViewController.h */ = {isa = PBXFileReference; lastKnownFileType = sourcecode.c.h; path = PropertyTableViewController.h; sourceTree = "<group>"; };
		FCC383EF1CB40EC000E40EE1 /* PropertyTableViewController.m */ = {isa = PBXFileReference; lastKnownFileType = sourcecode.c.objc; path = PropertyTableViewController.m; sourceTree = "<group>"; };
		FCC383F11CB40EC000E40EE1 /* PropertyViewController.h */ = {isa = PBXFileReference; lastKnownFileType = sourcecode.c.h; path = PropertyViewController.h; sourceTree = "<group>"; };
		FCC383F21CB40EC000E40EE1 /* PropertyViewController.m */ = {isa = PBXFileReference; lastKnownFileType = sourcecode.c.objc; path = PropertyViewController.m; sourceTree = "<group>"; };
		FCC383F51CB40EC000E40EE1 /* Base */ = {isa = PBXFileReference; lastKnownFileType = file.storyboard; name = Base; path = Base.lproj/Main.storyboard; sourceTree = "<group>"; };
		FCC383F71CB40EC000E40EE1 /* Assets.xcassets */ = {isa = PBXFileReference; lastKnownFileType = folder.assetcatalog; path = Assets.xcassets; sourceTree = "<group>"; };
		FCC383FA1CB40EC000E40EE1 /* Base */ = {isa = PBXFileReference; lastKnownFileType = file.storyboard; name = Base; path = Base.lproj/LaunchScreen.storyboard; sourceTree = "<group>"; };
		FCC383FC1CB40EC000E40EE1 /* Info.plist */ = {isa = PBXFileReference; lastKnownFileType = text.plist.xml; path = Info.plist; sourceTree = "<group>"; };
		FCC384011CB40EC000E40EE1 /* EntangledTests.xctest */ = {isa = PBXFileReference; explicitFileType = wrapper.cfbundle; includeInIndex = 0; path = EntangledTests.xctest; sourceTree = BUILT_PRODUCTS_DIR; };
		FCC384051CB40EC000E40EE1 /* EntangledTests.m */ = {isa = PBXFileReference; lastKnownFileType = sourcecode.c.objc; path = EntangledTests.m; sourceTree = "<group>"; };
		FCC384071CB40EC000E40EE1 /* Info.plist */ = {isa = PBXFileReference; lastKnownFileType = text.plist.xml; path = Info.plist; sourceTree = "<group>"; };
/* End PBXFileReference section */

/* Begin PBXFrameworksBuildPhase section */
		FCC383DF1CB40EC000E40EE1 /* Frameworks */ = {
			isa = PBXFrameworksBuildPhase;
			buildActionMask = 2147483647;
			files = (
				FC36D5EA1CB60F9000CF865F /* MessageUI.framework in Frameworks */,
				FC1FACD61CB46C9000E5B119 /* CoreLocation.framework in Frameworks */,
			);
			runOnlyForDeploymentPostprocessing = 0;
		};
		FCC383FE1CB40EC000E40EE1 /* Frameworks */ = {
			isa = PBXFrameworksBuildPhase;
			buildActionMask = 2147483647;
			files = (
			);
			runOnlyForDeploymentPostprocessing = 0;
		};
/* End PBXFrameworksBuildPhase section */

/* Begin PBXGroup section */
		FC1FACD71CB46CE000E5B119 /* Framework */ = {
			isa = PBXGroup;
			children = (
				FC36D5E91CB60F9000CF865F /* MessageUI.framework */,
				FC1FACD51CB46C9000E5B119 /* CoreLocation.framework */,
			);
			name = Framework;
			sourceTree = "<group>";
		};
		FC36D5EB1CB6140B00CF865F /* Room View Controllers */ = {
			isa = PBXGroup;
			children = (
				FC36D5EC1CB6145300CF865F /* RoomSearchTableViewController.h */,
				FC36D5ED1CB6145300CF865F /* RoomSearchTableViewController.m */,
				FC36D5EF1CB6BD2500CF865F /* RoomTableViewController.h */,
				FC36D5F01CB6BD2500CF865F /* RoomTableViewController.m */,
			);
			name = "Room View Controllers";
			sourceTree = "<group>";
		};
		FCBFBF4D1CB5626800EDD78E /* Custom Cells */ = {
			isa = PBXGroup;
			children = (
				FCBFBF4A1CB5625E00EDD78E /* PropertyTableViewCell.h */,
				FCBFBF4B1CB5625E00EDD78E /* PropertyTableViewCell.m */,
				FC36D5F21CB6C7DC00CF865F /* RoomTableViewCell.h */,
				FC36D5F31CB6C7DC00CF865F /* RoomTableViewCell.m */,
			);
			name = "Custom Cells";
			path = ..;
			sourceTree = "<group>";
		};
		FCC383D91CB40EC000E40EE1 = {
			isa = PBXGroup;
			children = (
				FCC383E41CB40EC000E40EE1 /* Entangled */,
				FCC384041CB40EC000E40EE1 /* EntangledTests */,
				FCC383E31CB40EC000E40EE1 /* Products */,
				FC1FACD71CB46CE000E5B119 /* Framework */,
			);
			sourceTree = "<group>";
		};
		FCC383E31CB40EC000E40EE1 /* Products */ = {
			isa = PBXGroup;
			children = (
				FCC383E21CB40EC000E40EE1 /* Entangled.app */,
				FCC384011CB40EC000E40EE1 /* EntangledTests.xctest */,
			);
			name = Products;
			sourceTree = "<group>";
		};
		FCC383E41CB40EC000E40EE1 /* Entangled */ = {
			isa = PBXGroup;
			children = (
				FC36D5EB1CB6140B00CF865F /* Room View Controllers */,
				FCC384251CB424BE00E40EE1 /* ViewControllers */,
				FCC384241CB4245F00E40EE1 /* Storyboard */,
				FCBFBF4D1CB5626800EDD78E /* Custom Cells */,
				FCC384161CB41F5800E40EE1 /* Data Model */,
				FCC383EB1CB40EC000E40EE1 /* Entangled.xcdatamodeld */,
				FCC383E51CB40EC000E40EE1 /* Supporting Files */,
			);
			path = Entangled;
			sourceTree = "<group>";
		};
		FCC383E51CB40EC000E40EE1 /* Supporting Files */ = {
			isa = PBXGroup;
			children = (
				FCC383F71CB40EC000E40EE1 /* Assets.xcassets */,
				FCC383FC1CB40EC000E40EE1 /* Info.plist */,
				FCC383E81CB40EC000E40EE1 /* AppDelegate.h */,
				FCC383E91CB40EC000E40EE1 /* AppDelegate.m */,
				FCC383E61CB40EC000E40EE1 /* main.m */,
			);
			name = "Supporting Files";
			sourceTree = "<group>";
		};
		FCC384041CB40EC000E40EE1 /* EntangledTests */ = {
			isa = PBXGroup;
			children = (
				FCC384051CB40EC000E40EE1 /* EntangledTests.m */,
				FCC384071CB40EC000E40EE1 /* Info.plist */,
			);
			path = EntangledTests;
			sourceTree = "<group>";
		};
		FCC384161CB41F5800E40EE1 /* Data Model */ = {
			isa = PBXGroup;
			children = (
				FCC384231CB422D400E40EE1 /* Generated */,
			);
			name = "Data Model";
			sourceTree = "<group>";
		};
		FCC384231CB422D400E40EE1 /* Generated */ = {
			isa = PBXGroup;
			children = (
				FC32D1071CB5BA6F0087614E /* Property+CoreDataProperties.h */,
				FC32D1081CB5BA6F0087614E /* Property+CoreDataProperties.m */,
				FC1FACCB1CB4694F00E5B119 /* Property.h */,
				FC1FACCC1CB4694F00E5B119 /* Property.m */,
				FC1FACCD1CB4694F00E5B119 /* Room+CoreDataProperties.h */,
				FC1FACCE1CB4694F00E5B119 /* Room+CoreDataProperties.m */,
				FC1FACCF1CB4694F00E5B119 /* Room.h */,
				FC1FACD01CB4694F00E5B119 /* Room.m */,
				FC1FACC31CB4693100E5B119 /* Items+CoreDataProperties.h */,
				FC1FACC41CB4693100E5B119 /* Items+CoreDataProperties.m */,
				FC1FACC51CB4693100E5B119 /* Items.h */,
				FC1FACC61CB4693100E5B119 /* Items.m */,
			);
			name = Generated;
			sourceTree = "<group>";
		};
		FCC384241CB4245F00E40EE1 /* Storyboard */ = {
			isa = PBXGroup;
			children = (
				FCC383F41CB40EC000E40EE1 /* Main.storyboard */,
				FCC383F91CB40EC000E40EE1 /* LaunchScreen.storyboard */,
			);
			name = Storyboard;
			path = ..;
			sourceTree = "<group>";
		};
		FCC384251CB424BE00E40EE1 /* ViewControllers */ = {
			isa = PBXGroup;
			children = (
				FCC383EE1CB40EC000E40EE1 /* PropertyTableViewController.h */,
				FCC383EF1CB40EC000E40EE1 /* PropertyTableViewController.m */,
				FCC383F11CB40EC000E40EE1 /* PropertyViewController.h */,
				FCC383F21CB40EC000E40EE1 /* PropertyViewController.m */,
				FC32D1041CB5AF8B0087614E /* SearchTableViewController.h */,
				FC32D1051CB5AF8B0087614E /* SearchTableViewController.m */,
				FC32D10A1CB5BBA20087614E /* PropertyEditTableViewController.h */,
				FC32D10B1CB5BBA20087614E /* PropertyEditTableViewController.m */,
			);
			name = ViewControllers;
			sourceTree = "<group>";
		};
/* End PBXGroup section */

/* Begin PBXNativeTarget section */
		FCC383E11CB40EC000E40EE1 /* Entangled */ = {
			isa = PBXNativeTarget;
			buildConfigurationList = FCC3840A1CB40EC000E40EE1 /* Build configuration list for PBXNativeTarget "Entangled" */;
			buildPhases = (
				FCC383DE1CB40EC000E40EE1 /* Sources */,
				FCC383DF1CB40EC000E40EE1 /* Frameworks */,
				FCC383E01CB40EC000E40EE1 /* Resources */,
			);
			buildRules = (
			);
			dependencies = (
			);
			name = Entangled;
			productName = Entangled;
			productReference = FCC383E21CB40EC000E40EE1 /* Entangled.app */;
			productType = "com.apple.product-type.application";
		};
		FCC384001CB40EC000E40EE1 /* EntangledTests */ = {
			isa = PBXNativeTarget;
			buildConfigurationList = FCC3840D1CB40EC000E40EE1 /* Build configuration list for PBXNativeTarget "EntangledTests" */;
			buildPhases = (
				FCC383FD1CB40EC000E40EE1 /* Sources */,
				FCC383FE1CB40EC000E40EE1 /* Frameworks */,
				FCC383FF1CB40EC000E40EE1 /* Resources */,
			);
			buildRules = (
			);
			dependencies = (
				FCC384031CB40EC000E40EE1 /* PBXTargetDependency */,
			);
			name = EntangledTests;
			productName = EntangledTests;
			productReference = FCC384011CB40EC000E40EE1 /* EntangledTests.xctest */;
			productType = "com.apple.product-type.bundle.unit-test";
		};
/* End PBXNativeTarget section */

/* Begin PBXProject section */
		FCC383DA1CB40EC000E40EE1 /* Project object */ = {
			isa = PBXProject;
			attributes = {
				LastUpgradeCheck = 0730;
				ORGANIZATIONNAME = Spartans;
				TargetAttributes = {
					FCC383E11CB40EC000E40EE1 = {
						CreatedOnToolsVersion = 7.3;
						DevelopmentTeam = RMZL9F7WRM;
					};
					FCC384001CB40EC000E40EE1 = {
						CreatedOnToolsVersion = 7.3;
						DevelopmentTeam = RMZL9F7WRM;
						TestTargetID = FCC383E11CB40EC000E40EE1;
					};
				};
			};
			buildConfigurationList = FCC383DD1CB40EC000E40EE1 /* Build configuration list for PBXProject "Entangled" */;
			compatibilityVersion = "Xcode 3.2";
			developmentRegion = English;
			hasScannedForEncodings = 0;
			knownRegions = (
				en,
				Base,
			);
			mainGroup = FCC383D91CB40EC000E40EE1;
			productRefGroup = FCC383E31CB40EC000E40EE1 /* Products */;
			projectDirPath = "";
			projectRoot = "";
			targets = (
				FCC383E11CB40EC000E40EE1 /* Entangled */,
				FCC384001CB40EC000E40EE1 /* EntangledTests */,
			);
		};
/* End PBXProject section */

/* Begin PBXResourcesBuildPhase section */
		FCC383E01CB40EC000E40EE1 /* Resources */ = {
			isa = PBXResourcesBuildPhase;
			buildActionMask = 2147483647;
			files = (
				FCC383FB1CB40EC000E40EE1 /* LaunchScreen.storyboard in Resources */,
				FCC383F81CB40EC000E40EE1 /* Assets.xcassets in Resources */,
				FCC383F61CB40EC000E40EE1 /* Main.storyboard in Resources */,
			);
			runOnlyForDeploymentPostprocessing = 0;
		};
		FCC383FF1CB40EC000E40EE1 /* Resources */ = {
			isa = PBXResourcesBuildPhase;
			buildActionMask = 2147483647;
			files = (
			);
			runOnlyForDeploymentPostprocessing = 0;
		};
/* End PBXResourcesBuildPhase section */

/* Begin PBXSourcesBuildPhase section */
		FCC383DE1CB40EC000E40EE1 /* Sources */ = {
			isa = PBXSourcesBuildPhase;
			buildActionMask = 2147483647;
			files = (
				FC1FACD41CB4694F00E5B119 /* Room.m in Sources */,
				FC1FACD31CB4694F00E5B119 /* Room+CoreDataProperties.m in Sources */,
				FC1FACC71CB4693100E5B119 /* Items+CoreDataProperties.m in Sources */,
				FCC383F31CB40EC000E40EE1 /* PropertyViewController.m in Sources */,
				FCC383F01CB40EC000E40EE1 /* PropertyTableViewController.m in Sources */,
				FC32D1061CB5AF8B0087614E /* SearchTableViewController.m in Sources */,
				FCC383EA1CB40EC000E40EE1 /* AppDelegate.m in Sources */,
				FCC383ED1CB40EC000E40EE1 /* Entangled.xcdatamodeld in Sources */,
				FC36D5F11CB6BD2500CF865F /* RoomTableViewController.m in Sources */,
				FC1FACC81CB4693100E5B119 /* Items.m in Sources */,
				FCC383E71CB40EC000E40EE1 /* main.m in Sources */,
				FC32D10C1CB5BBA20087614E /* PropertyEditTableViewController.m in Sources */,
				FC36D5F41CB6C7DC00CF865F /* RoomTableViewCell.m in Sources */,
				FCBFBF4C1CB5625E00EDD78E /* PropertyTableViewCell.m in Sources */,
				FC32D1091CB5BA6F0087614E /* Property+CoreDataProperties.m in Sources */,
				FC1FACD21CB4694F00E5B119 /* Property.m in Sources */,
				FC36D5EE1CB6145300CF865F /* RoomSearchTableViewController.m in Sources */,
			);
			runOnlyForDeploymentPostprocessing = 0;
		};
		FCC383FD1CB40EC000E40EE1 /* Sources */ = {
			isa = PBXSourcesBuildPhase;
			buildActionMask = 2147483647;
			files = (
				FCC384061CB40EC000E40EE1 /* EntangledTests.m in Sources */,
			);
			runOnlyForDeploymentPostprocessing = 0;
		};
/* End PBXSourcesBuildPhase section */

/* Begin PBXTargetDependency section */
		FCC384031CB40EC000E40EE1 /* PBXTargetDependency */ = {
			isa = PBXTargetDependency;
			target = FCC383E11CB40EC000E40EE1 /* Entangled */;
			targetProxy = FCC384021CB40EC000E40EE1 /* PBXContainerItemProxy */;
		};
/* End PBXTargetDependency section */

/* Begin PBXVariantGroup section */
		FCC383F41CB40EC000E40EE1 /* Main.storyboard */ = {
			isa = PBXVariantGroup;
			children = (
				FCC383F51CB40EC000E40EE1 /* Base */,
			);
			name = Main.storyboard;
			path = Entangled;
			sourceTree = "<group>";
		};
		FCC383F91CB40EC000E40EE1 /* LaunchScreen.storyboard */ = {
			isa = PBXVariantGroup;
			children = (
				FCC383FA1CB40EC000E40EE1 /* Base */,
			);
			name = LaunchScreen.storyboard;
			path = Entangled;
			sourceTree = "<group>";
		};
/* End PBXVariantGroup section */

/* Begin XCBuildConfiguration section */
		FCC384081CB40EC000E40EE1 /* Debug */ = {
			isa = XCBuildConfiguration;
			buildSettings = {
				ALWAYS_SEARCH_USER_PATHS = NO;
				CLANG_ANALYZER_NONNULL = YES;
				CLANG_CXX_LANGUAGE_STANDARD = "gnu++0x";
				CLANG_CXX_LIBRARY = "libc++";
				CLANG_ENABLE_MODULES = YES;
				CLANG_ENABLE_OBJC_ARC = YES;
				CLANG_WARN_BOOL_CONVERSION = YES;
				CLANG_WARN_CONSTANT_CONVERSION = YES;
				CLANG_WARN_DIRECT_OBJC_ISA_USAGE = YES_ERROR;
				CLANG_WARN_EMPTY_BODY = YES;
				CLANG_WARN_ENUM_CONVERSION = YES;
				CLANG_WARN_INT_CONVERSION = YES;
				CLANG_WARN_OBJC_ROOT_CLASS = YES_ERROR;
				CLANG_WARN_UNREACHABLE_CODE = YES;
				CLANG_WARN__DUPLICATE_METHOD_MATCH = YES;
				"CODE_SIGN_IDENTITY[sdk=iphoneos*]" = "iPhone Developer";
				COPY_PHASE_STRIP = NO;
				DEBUG_INFORMATION_FORMAT = dwarf;
				ENABLE_STRICT_OBJC_MSGSEND = YES;
				ENABLE_TESTABILITY = YES;
				GCC_C_LANGUAGE_STANDARD = gnu99;
				GCC_DYNAMIC_NO_PIC = NO;
				GCC_NO_COMMON_BLOCKS = YES;
				GCC_OPTIMIZATION_LEVEL = 0;
				GCC_PREPROCESSOR_DEFINITIONS = (
					"DEBUG=1",
					"$(inherited)",
				);
				GCC_WARN_64_TO_32_BIT_CONVERSION = YES;
				GCC_WARN_ABOUT_RETURN_TYPE = YES_ERROR;
				GCC_WARN_UNDECLARED_SELECTOR = YES;
				GCC_WARN_UNINITIALIZED_AUTOS = YES_AGGRESSIVE;
				GCC_WARN_UNUSED_FUNCTION = YES;
				GCC_WARN_UNUSED_VARIABLE = YES;
				IPHONEOS_DEPLOYMENT_TARGET = 9.3;
				MTL_ENABLE_DEBUG_INFO = YES;
				ONLY_ACTIVE_ARCH = YES;
				SDKROOT = iphoneos;
				TARGETED_DEVICE_FAMILY = "1,2";
			};
			name = Debug;
		};
		FCC384091CB40EC000E40EE1 /* Release */ = {
			isa = XCBuildConfiguration;
			buildSettings = {
				ALWAYS_SEARCH_USER_PATHS = NO;
				CLANG_ANALYZER_NONNULL = YES;
				CLANG_CXX_LANGUAGE_STANDARD = "gnu++0x";
				CLANG_CXX_LIBRARY = "libc++";
				CLANG_ENABLE_MODULES = YES;
				CLANG_ENABLE_OBJC_ARC = YES;
				CLANG_WARN_BOOL_CONVERSION = YES;
				CLANG_WARN_CONSTANT_CONVERSION = YES;
				CLANG_WARN_DIRECT_OBJC_ISA_USAGE = YES_ERROR;
				CLANG_WARN_EMPTY_BODY = YES;
				CLANG_WARN_ENUM_CONVERSION = YES;
				CLANG_WARN_INT_CONVERSION = YES;
				CLANG_WARN_OBJC_ROOT_CLASS = YES_ERROR;
				CLANG_WARN_UNREACHABLE_CODE = YES;
				CLANG_WARN__DUPLICATE_METHOD_MATCH = YES;
				"CODE_SIGN_IDENTITY[sdk=iphoneos*]" = "iPhone Developer";
				COPY_PHASE_STRIP = NO;
				DEBUG_INFORMATION_FORMAT = "dwarf-with-dsym";
				ENABLE_NS_ASSERTIONS = NO;
				ENABLE_STRICT_OBJC_MSGSEND = YES;
				GCC_C_LANGUAGE_STANDARD = gnu99;
				GCC_NO_COMMON_BLOCKS = YES;
				GCC_WARN_64_TO_32_BIT_CONVERSION = YES;
				GCC_WARN_ABOUT_RETURN_TYPE = YES_ERROR;
				GCC_WARN_UNDECLARED_SELECTOR = YES;
				GCC_WARN_UNINITIALIZED_AUTOS = YES_AGGRESSIVE;
				GCC_WARN_UNUSED_FUNCTION = YES;
				GCC_WARN_UNUSED_VARIABLE = YES;
				IPHONEOS_DEPLOYMENT_TARGET = 9.3;
				MTL_ENABLE_DEBUG_INFO = NO;
				SDKROOT = iphoneos;
				TARGETED_DEVICE_FAMILY = "1,2";
				VALIDATE_PRODUCT = YES;
			};
			name = Release;
		};
		FCC3840B1CB40EC000E40EE1 /* Debug */ = {
			isa = XCBuildConfiguration;
			buildSettings = {
				ASSETCATALOG_COMPILER_APPICON_NAME = AppIcon;
				INFOPLIST_FILE = Entangled/Info.plist;
				LD_RUNPATH_SEARCH_PATHS = "$(inherited) @executable_path/Frameworks";
				PRODUCT_BUNDLE_IDENTIFIER = com.spartans.Entangled;
				PRODUCT_NAME = "$(TARGET_NAME)";
			};
			name = Debug;
		};
		FCC3840C1CB40EC000E40EE1 /* Release */ = {
			isa = XCBuildConfiguration;
			buildSettings = {
				ASSETCATALOG_COMPILER_APPICON_NAME = AppIcon;
				INFOPLIST_FILE = Entangled/Info.plist;
				LD_RUNPATH_SEARCH_PATHS = "$(inherited) @executable_path/Frameworks";
				PRODUCT_BUNDLE_IDENTIFIER = com.spartans.Entangled;
				PRODUCT_NAME = "$(TARGET_NAME)";
			};
			name = Release;
		};
		FCC3840E1CB40EC000E40EE1 /* Debug */ = {
			isa = XCBuildConfiguration;
			buildSettings = {
				BUNDLE_LOADER = "$(TEST_HOST)";
				INFOPLIST_FILE = EntangledTests/Info.plist;
				LD_RUNPATH_SEARCH_PATHS = "$(inherited) @executable_path/Frameworks @loader_path/Frameworks";
				PRODUCT_BUNDLE_IDENTIFIER = com.spartans.EntangledTests;
				PRODUCT_NAME = "$(TARGET_NAME)";
				TEST_HOST = "$(BUILT_PRODUCTS_DIR)/Entangled.app/Entangled";
			};
			name = Debug;
		};
		FCC3840F1CB40EC000E40EE1 /* Release */ = {
			isa = XCBuildConfiguration;
			buildSettings = {
				BUNDLE_LOADER = "$(TEST_HOST)";
				INFOPLIST_FILE = EntangledTests/Info.plist;
				LD_RUNPATH_SEARCH_PATHS = "$(inherited) @executable_path/Frameworks @loader_path/Frameworks";
				PRODUCT_BUNDLE_IDENTIFIER = com.spartans.EntangledTests;
				PRODUCT_NAME = "$(TARGET_NAME)";
				TEST_HOST = "$(BUILT_PRODUCTS_DIR)/Entangled.app/Entangled";
			};
			name = Release;
		};
/* End XCBuildConfiguration section */

/* Begin XCConfigurationList section */
		FCC383DD1CB40EC000E40EE1 /* Build configuration list for PBXProject "Entangled" */ = {
			isa = XCConfigurationList;
			buildConfigurations = (
				FCC384081CB40EC000E40EE1 /* Debug */,
				FCC384091CB40EC000E40EE1 /* Release */,
			);
			defaultConfigurationIsVisible = 0;
			defaultConfigurationName = Release;
		};
		FCC3840A1CB40EC000E40EE1 /* Build configuration list for PBXNativeTarget "Entangled" */ = {
			isa = XCConfigurationList;
			buildConfigurations = (
				FCC3840B1CB40EC000E40EE1 /* Debug */,
				FCC3840C1CB40EC000E40EE1 /* Release */,
			);
			defaultConfigurationIsVisible = 0;
			defaultConfigurationName = Release;
		};
		FCC3840D1CB40EC000E40EE1 /* Build configuration list for PBXNativeTarget "EntangledTests" */ = {
			isa = XCConfigurationList;
			buildConfigurations = (
				FCC3840E1CB40EC000E40EE1 /* Debug */,
				FCC3840F1CB40EC000E40EE1 /* Release */,
			);
			defaultConfigurationIsVisible = 0;
			defaultConfigurationName = Release;
		};
/* End XCConfigurationList section */

/* Begin XCVersionGroup section */
		FCC383EB1CB40EC000E40EE1 /* Entangled.xcdatamodeld */ = {
			isa = XCVersionGroup;
			children = (
				FCC383EC1CB40EC000E40EE1 /* Entangled.xcdatamodel */,
			);
			currentVersion = FCC383EC1CB40EC000E40EE1 /* Entangled.xcdatamodel */;
			path = Entangled.xcdatamodeld;
			sourceTree = "<group>";
			versionGroupType = wrapper.xcdatamodel;
		};
/* End XCVersionGroup section */
	};
	rootObject = FCC383DA1CB40EC000E40EE1 /* Project object */;
}
